Microsoft Visual Studio Solution File, Format Version 12.00
# Visual Studio Version 17
VisualStudioVersion = 17.5.2.0
MinimumVisualStudioVersion = 10.0.40219.1
Project("{FAE04EC0-301F-11D3-BF4B-00C04F79EFBC}") = "pf_final_ds2", "pf_final_ds2.csproj", "{52398ABA-D597-FD77-0AB3-6BBFBCD172C8}"
EndProject
Global
	GlobalSection(SolutionConfigurationPlatforms) = preSolution
		Debug|Any CPU = Debug|Any CPU
		Release|Any CPU = Release|Any CPU
	EndGlobalSection
	GlobalSection(ProjectConfigurationPlatforms) = postSolution
		{52398ABA-D597-FD77-0AB3-6BBFBCD172C8}.Debug|Any CPU.ActiveCfg = Debug|Any CPU
		{52398ABA-D597-FD77-0AB3-6BBFBCD172C8}.Debug|Any CPU.Build.0 = Debug|Any CPU
		{52398ABA-D597-FD77-0AB3-6BBFBCD172C8}.Release|Any CPU.ActiveCfg = Release|Any CPU
		{52398ABA-D597-FD77-0AB3-6BBFBCD172C8}.Release|Any CPU.Build.0 = Release|Any CPU
	EndGlobalSection
	GlobalSection(SolutionProperties) = preSolution
		HideSolutionNode = FALSE
	EndGlobalSection
	GlobalSection(ExtensibilityGlobals) = postSolution
		SolutionGuid = {B9ACFD8C-6EAF-471B-AC5B-74782DE914A2}
	EndGlobalSection
EndGlobal
